Microsoft Visual Studio Solution File, Format Version 12.00
# Visual Studio 2013
Project("{8BC9CEB8-8B4A-11D0-8D11-00A0C91BC942}") = "ALL_BUILD", "ALL_BUILD.vcxproj", "{8A265453-762E-3288-8125-71835FBAC331}"
	ProjectSection(ProjectDependencies) = postProject
		{02D06599-42AE-34D7-9F8F-3566B9A0C7BB} = {02D06599-42AE-34D7-9F8F-3566B9A0C7BB}
		{15EC23EC-6DD5-3FFF-AE79-40B525644BA7} = {15EC23EC-6DD5-3FFF-AE79-40B525644BA7}
		{9D322375-800D-38AE-A064-5DF544F2CD65} = {9D322375-800D-38AE-A064-5DF544F2CD65}
		{0AB61C5F-0B74-3125-9CA6-49317BBDE3F2} = {0AB61C5F-0B74-3125-9CA6-49317BBDE3F2}
		{5F633BB6-03EB-36BE-938C-E4FE8D69269E} = {5F633BB6-03EB-36BE-938C-E4FE8D69269E}
		{5C00CCC9-2A22-3878-B9B1-176E298742E5} = {5C00CCC9-2A22-3878-B9B1-176E298742E5}
	EndProjectSection
EndProject
Project("{8BC9CEB8-8B4A-11D0-8D11-00A0C91BC942}") = "ZERO_CHECK", "ZERO_CHECK.vcxproj", "{02D06599-42AE-34D7-9F8F-3566B9A0C7BB}"
	ProjectSection(ProjectDependencies) = postProject
	EndProjectSection
EndProject
Project("{8BC9CEB8-8B4A-11D0-8D11-00A0C91BC942}") = "ale-bin", "ale-bin.vcxproj", "{15EC23EC-6DD5-3FFF-AE79-40B525644BA7}"
	ProjectSection(ProjectDependencies) = postProject
		{02D06599-42AE-34D7-9F8F-3566B9A0C7BB} = {02D06599-42AE-34D7-9F8F-3566B9A0C7BB}
	EndProjectSection
EndProject
Project("{8BC9CEB8-8B4A-11D0-8D11-00A0C91BC942}") = "ale-c-lib", "ale-c-lib.vcxproj", "{9D322375-800D-38AE-A064-5DF544F2CD65}"
	ProjectSection(ProjectDependencies) = postProject
		{02D06599-42AE-34D7-9F8F-3566B9A0C7BB} = {02D06599-42AE-34D7-9F8F-3566B9A0C7BB}
	EndProjectSection
EndProject
Project("{8BC9CEB8-8B4A-11D0-8D11-00A0C91BC942}") = "ale-lib", "ale-lib.vcxproj", "{0AB61C5F-0B74-3125-9CA6-49317BBDE3F2}"
	ProjectSection(ProjectDependencies) = postProject
		{02D06599-42AE-34D7-9F8F-3566B9A0C7BB} = {02D06599-42AE-34D7-9F8F-3566B9A0C7BB}
	EndProjectSection
EndProject
Project("{8BC9CEB8-8B4A-11D0-8D11-00A0C91BC942}") = "fifoInterfaceExample", "fifoInterfaceExample.vcxproj", "{5F633BB6-03EB-36BE-938C-E4FE8D69269E}"
	ProjectSection(ProjectDependencies) = postProject
		{02D06599-42AE-34D7-9F8F-3566B9A0C7BB} = {02D06599-42AE-34D7-9F8F-3566B9A0C7BB}
		{0AB61C5F-0B74-3125-9CA6-49317BBDE3F2} = {0AB61C5F-0B74-3125-9CA6-49317BBDE3F2}
	EndProjectSection
EndProject
Project("{8BC9CEB8-8B4A-11D0-8D11-00A0C91BC942}") = "sharedLibraryInterfaceExample", "sharedLibraryInterfaceExample.vcxproj", "{5C00CCC9-2A22-3878-B9B1-176E298742E5}"
	ProjectSection(ProjectDependencies) = postProject
		{02D06599-42AE-34D7-9F8F-3566B9A0C7BB} = {02D06599-42AE-34D7-9F8F-3566B9A0C7BB}
		{0AB61C5F-0B74-3125-9CA6-49317BBDE3F2} = {0AB61C5F-0B74-3125-9CA6-49317BBDE3F2}
	EndProjectSection
EndProject
Global
	GlobalSection(SolutionConfigurationPlatforms) = preSolution
		Debug|Win32 = Debug|Win32
		Release|Win32 = Release|Win32
		MinSizeRel|Win32 = MinSizeRel|Win32
		RelWithDebInfo|Win32 = RelWithDebInfo|Win32
	EndGlobalSection
	GlobalSection(ProjectConfigurationPlatforms) = postSolution
		{8A265453-762E-3288-8125-71835FBAC331}.Debug|Win32.ActiveCfg = Debug|Win32
		{8A265453-762E-3288-8125-71835FBAC331}.Release|Win32.ActiveCfg = Release|Win32
		{8A265453-762E-3288-8125-71835FBAC331}.MinSizeRel|Win32.ActiveCfg = MinSizeRel|Win32
		{8A265453-762E-3288-8125-71835FBAC331}.RelWithDebInfo|Win32.ActiveCfg = RelWithDebInfo|Win32
		{02D06599-42AE-34D7-9F8F-3566B9A0C7BB}.Debug|Win32.ActiveCfg = Debug|Win32
		{02D06599-42AE-34D7-9F8F-3566B9A0C7BB}.Debug|Win32.Build.0 = Debug|Win32
		{02D06599-42AE-34D7-9F8F-3566B9A0C7BB}.Release|Win32.ActiveCfg = Release|Win32
		{02D06599-42AE-34D7-9F8F-3566B9A0C7BB}.Release|Win32.Build.0 = Release|Win32
		{02D06599-42AE-34D7-9F8F-3566B9A0C7BB}.MinSizeRel|Win32.ActiveCfg = MinSizeRel|Win32
		{02D06599-42AE-34D7-9F8F-3566B9A0C7BB}.MinSizeRel|Win32.Build.0 = MinSizeRel|Win32
		{02D06599-42AE-34D7-9F8F-3566B9A0C7BB}.RelWithDebInfo|Win32.ActiveCfg = RelWithDebInfo|Win32
		{02D06599-42AE-34D7-9F8F-3566B9A0C7BB}.RelWithDebInfo|Win32.Build.0 = RelWithDebInfo|Win32
		{15EC23EC-6DD5-3FFF-AE79-40B525644BA7}.Debug|Win32.ActiveCfg = Debug|Win32
		{15EC23EC-6DD5-3FFF-AE79-40B525644BA7}.Debug|Win32.Build.0 = Debug|Win32
		{15EC23EC-6DD5-3FFF-AE79-40B525644BA7}.Release|Win32.ActiveCfg = Release|Win32
		{15EC23EC-6DD5-3FFF-AE79-40B525644BA7}.Release|Win32.Build.0 = Release|Win32
		{15EC23EC-6DD5-3FFF-AE79-40B525644BA7}.MinSizeRel|Win32.ActiveCfg = MinSizeRel|Win32
		{15EC23EC-6DD5-3FFF-AE79-40B525644BA7}.MinSizeRel|Win32.Build.0 = MinSizeRel|Win32
		{15EC23EC-6DD5-3FFF-AE79-40B525644BA7}.RelWithDebInfo|Win32.ActiveCfg = RelWithDebInfo|Win32
		{15EC23EC-6DD5-3FFF-AE79-40B525644BA7}.RelWithDebInfo|Win32.Build.0 = RelWithDebInfo|Win32
		{9D322375-800D-38AE-A064-5DF544F2CD65}.Debug|Win32.ActiveCfg = Debug|Win32
		{9D322375-800D-38AE-A064-5DF544F2CD65}.Debug|Win32.Build.0 = Debug|Win32
		{9D322375-800D-38AE-A064-5DF544F2CD65}.Release|Win32.ActiveCfg = Release|Win32
		{9D322375-800D-38AE-A064-5DF544F2CD65}.Release|Win32.Build.0 = Release|Win32
		{9D322375-800D-38AE-A064-5DF544F2CD65}.MinSizeRel|Win32.ActiveCfg = MinSizeRel|Win32
		{9D322375-800D-38AE-A064-5DF544F2CD65}.MinSizeRel|Win32.Build.0 = MinSizeRel|Win32
		{9D322375-800D-38AE-A064-5DF544F2CD65}.RelWithDebInfo|Win32.ActiveCfg = RelWithDebInfo|Win32
		{9D322375-800D-38AE-A064-5DF544F2CD65}.RelWithDebInfo|Win32.Build.0 = RelWithDebInfo|Win32
		{0AB61C5F-0B74-3125-9CA6-49317BBDE3F2}.Debug|Win32.ActiveCfg = Debug|Win32
		{0AB61C5F-0B74-3125-9CA6-49317BBDE3F2}.Debug|Win32.Build.0 = Debug|Win32
		{0AB61C5F-0B74-3125-9CA6-49317BBDE3F2}.Release|Win32.ActiveCfg = Release|Win32
		{0AB61C5F-0B74-3125-9CA6-49317BBDE3F2}.Release|Win32.Build.0 = Release|Win32
		{0AB61C5F-0B74-3125-9CA6-49317BBDE3F2}.MinSizeRel|Win32.ActiveCfg = MinSizeRel|Win32
		{0AB61C5F-0B74-3125-9CA6-49317BBDE3F2}.MinSizeRel|Win32.Build.0 = MinSizeRel|Win32
		{0AB61C5F-0B74-3125-9CA6-49317BBDE3F2}.RelWithDebInfo|Win32.ActiveCfg = RelWithDebInfo|Win32
		{0AB61C5F-0B74-3125-9CA6-49317BBDE3F2}.RelWithDebInfo|Win32.Build.0 = RelWithDebInfo|Win32
		{5F633BB6-03EB-36BE-938C-E4FE8D69269E}.Debug|Win32.ActiveCfg = Debug|Win32
		{5F633BB6-03EB-36BE-938C-E4FE8D69269E}.Debug|Win32.Build.0 = Debug|Win32
		{5F633BB6-03EB-36BE-938C-E4FE8D69269E}.Release|Win32.ActiveCfg = Release|Win32
		{5F633BB6-03EB-36BE-938C-E4FE8D69269E}.Release|Win32.Build.0 = Release|Win32
		{5F633BB6-03EB-36BE-938C-E4FE8D69269E}.MinSizeRel|Win32.ActiveCfg = MinSizeRel|Win32
		{5F633BB6-03EB-36BE-938C-E4FE8D69269E}.MinSizeRel|Win32.Build.0 = MinSizeRel|Win32
		{5F633BB6-03EB-36BE-938C-E4FE8D69269E}.RelWithDebInfo|Win32.ActiveCfg = RelWithDebInfo|Win32
		{5F633BB6-03EB-36BE-938C-E4FE8D69269E}.RelWithDebInfo|Win32.Build.0 = RelWithDebInfo|Win32
		{5C00CCC9-2A22-3878-B9B1-176E298742E5}.Debug|Win32.ActiveCfg = Debug|Win32
		{5C00CCC9-2A22-3878-B9B1-176E298742E5}.Debug|Win32.Build.0 = Debug|Win32
		{5C00CCC9-2A22-3878-B9B1-176E298742E5}.Release|Win32.ActiveCfg = Release|Win32
		{5C00CCC9-2A22-3878-B9B1-176E298742E5}.Release|Win32.Build.0 = Release|Win32
		{5C00CCC9-2A22-3878-B9B1-176E298742E5}.MinSizeRel|Win32.ActiveCfg = MinSizeRel|Win32
		{5C00CCC9-2A22-3878-B9B1-176E298742E5}.MinSizeRel|Win32.Build.0 = MinSizeRel|Win32
		{5C00CCC9-2A22-3878-B9B1-176E298742E5}.RelWithDebInfo|Win32.ActiveCfg = RelWithDebInfo|Win32
		{5C00CCC9-2A22-3878-B9B1-176E298742E5}.RelWithDebInfo|Win32.Build.0 = RelWithDebInfo|Win32
	EndGlobalSection
	GlobalSection(ExtensibilityGlobals) = postSolution
	EndGlobalSection
	GlobalSection(ExtensibilityAddIns) = postSolution
	EndGlobalSection
EndGlobal
